
Microsoft Visual Studio Solution File, Format Version 12.00
# Visual Studio Version 16
VisualStudioVersion = 16.0.33328.57
MinimumVisualStudioVersion = 10.0.40219.1
Project("{FAE04EC0-301F-11D3-BF4B-00C04F79EFBC}") = "Knight's Memorial", "WindowsFormsApp1\Knight's Memorial.csproj", "{9DBA3EAA-3498-4188-B450-F809D93E47B0}"
EndProject
Global
	GlobalSection(SolutionConfigurationPlatforms) = preSolution
		Debug|Any CPU = Debug|Any CPU
		Release|Any CPU = Release|Any CPU
	EndGlobalSection
	GlobalSection(ProjectConfigurationPlatforms) = postSolution
		{9DBA3EAA-3498-4188-B450-F809D93E47B0}.Debug|Any CPU.ActiveCfg = Debug|Any CPU
		{9DBA3EAA-3498-4188-B450-F809D93E47B0}.Debug|Any CPU.Build.0 = Debug|Any CPU
		{9DBA3EAA-3498-4188-B450-F809D93E47B0}.Release|Any CPU.ActiveCfg = Release|Any CPU
		{9DBA3EAA-3498-4188-B450-F809D93E47B0}.Release|Any CPU.Build.0 = Release|Any CPU
	EndGlobalSection
	GlobalSection(SolutionProperties) = preSolution
		HideSolutionNode = FALSE
	EndGlobalSection
	GlobalSection(ExtensibilityGlobals) = postSolution
		SolutionGuid = {15CDA275-095F-491B-92BC-C8F3FAD5D78F}
	EndGlobalSection
EndGlobal
